// !$*UTF8*$!
{
	archiveVersion = 1;
	classes = {
	};
	objectVersion = 46;
	objects = {

/* Begin PBXBuildFile section */
		66839D4C1AA92265008C4A78 /* Foundation.framework in Frameworks */ = {isa = PBXBuildFile; fileRef = 66839D4B1AA92265008C4A78 /* Foundation.framework */; };
		66839D4E1AA92265008C4A78 /* CoreGraphics.framework in Frameworks */ = {isa = PBXBuildFile; fileRef = 66839D4D1AA92265008C4A78 /* CoreGraphics.framework */; };
		66839D501AA92265008C4A78 /* UIKit.framework in Frameworks */ = {isa = PBXBuildFile; fileRef = 66839D4F1AA92265008C4A78 /* UIKit.framework */; };
		66839D561AA92265008C4A78 /* InfoPlist.strings in Resources */ = {isa = PBXBuildFile; fileRef = 66839D541AA92265008C4A78 /* InfoPlist.strings */; };
		66839D581AA92265008C4A78 /* main.m in Sources */ = {isa = PBXBuildFile; fileRef = 66839D571AA92265008C4A78 /* main.m */; };
		66839D5C1AA92265008C4A78 /* BNRAppDelegate.m in Sources */ = {isa = PBXBuildFile; fileRef = 66839D5B1AA92265008C4A78 /* BNRAppDelegate.m */; };
		66839D5E1AA92265008C4A78 /* Images.xcassets in Resources */ = {isa = PBXBuildFile; fileRef = 66839D5D1AA92265008C4A78 /* Images.xcassets */; };
		66839D651AA92265008C4A78 /* XCTest.framework in Frameworks */ = {isa = PBXBuildFile; fileRef = 66839D641AA92265008C4A78 /* XCTest.framework */; };
		66839D661AA92265008C4A78 /* Foundation.framework in Frameworks */ = {isa = PBXBuildFile; fileRef = 66839D4B1AA92265008C4A78 /* Foundation.framework */; };
		66839D671AA92265008C4A78 /* UIKit.framework in Frameworks */ = {isa = PBXBuildFile; fileRef = 66839D4F1AA92265008C4A78 /* UIKit.framework */; };
		66839D6F1AA92265008C4A78 /* InfoPlist.strings in Resources */ = {isa = PBXBuildFile; fileRef = 66839D6D1AA92265008C4A78 /* InfoPlist.strings */; };
		66839D711AA92265008C4A78 /* QuizTests.m in Sources */ = {isa = PBXBuildFile; fileRef = 66839D701AA92265008C4A78 /* QuizTests.m */; };
		66839D7D1AA922B8008C4A78 /* BNRQuizViewController.m in Sources */ = {isa = PBXBuildFile; fileRef = 66839D7B1AA922B8008C4A78 /* BNRQuizViewController.m */; };
		66839D7E1AA922B8008C4A78 /* BNRQuizViewController.xib in Resources */ = {isa = PBXBuildFile; fileRef = 66839D7C1AA922B8008C4A78 /* BNRQuizViewController.xib */; };
/* End PBXBuildFile section */

/* Begin PBXContainerItemProxy section */
		66839D681AA92265008C4A78 /* PBXContainerItemProxy */ = {
			isa = PBXContainerItemProxy;
			containerPortal = 66839D401AA92265008C4A78 /* Project object */;
			proxyType = 1;
			remoteGlobalIDString = 66839D471AA92265008C4A78;
			remoteInfo = Quiz;
		};
/* End PBXContainerItemProxy section */

/* Begin PBXFileReference section */
		66839D481AA92265008C4A78 /* Quiz.app */ = {isa = PBXFileReference; explicitFileType = wrapper.application; includeInIndex = 0; path = Quiz.app; sourceTree = BUILT_PRODUCTS_DIR; };
		66839D4B1AA92265008C4A78 /* Foundation.framework */ = {isa = PBXFileReference; lastKnownFileType = wrapper.framework; name = Foundation.framework; path = System/Library/Frameworks/Foundation.framework; sourceTree = SDKROOT; };
		66839D4D1AA92265008C4A78 /* CoreGraphics.framework */ = {isa = PBXFileReference; lastKnownFileType = wrapper.framework; name = CoreGraphics.framework; path = System/Library/Frameworks/CoreGraphics.framework; sourceTree = SDKROOT; };
		66839D4F1AA92265008C4A78 /* UIKit.framework */ = {isa = PBXFileReference; lastKnownFileType = wrapper.framework; name = UIKit.framework; path = System/Library/Frameworks/UIKit.framework; sourceTree = SDKROOT; };
		66839D531AA92265008C4A78 /* Quiz-Info.plist */ = {isa = PBXFileReference; lastKnownFileType = text.plist.xml; path = "Quiz-Info.plist"; sourceTree = "<group>"; };
		66839D551AA92265008C4A78 /* en */ = {isa = PBXFileReference; lastKnownFileType = text.plist.strings; name = en; path = en.lproj/InfoPlist.strings; sourceTree = "<group>"; };
		66839D571AA92265008C4A78 /* main.m */ = {isa = PBXFileReference; lastKnownFileType = sourcecode.c.objc; path = main.m; sourceTree = "<group>"; };
		66839D591AA92265008C4A78 /* Quiz-Prefix.pch */ = {isa = PBXFileReference; lastKnownFileType = sourcecode.c.h; path = "Quiz-Prefix.pch"; sourceTree = "<group>"; };
		66839D5A1AA92265008C4A78 /* BNRAppDelegate.h */ = {isa = PBXFileReference; lastKnownFileType = sourcecode.c.h; path = BNRAppDelegate.h; sourceTree = "<group>"; };
		66839D5B1AA92265008C4A78 /* BNRAppDelegate.m */ = {isa = PBXFileReference; lastKnownFileType = sourcecode.c.objc; path = BNRAppDelegate.m; sourceTree = "<group>"; };
		66839D5D1AA92265008C4A78 /* Images.xcassets */ = {isa = PBXFileReference; lastKnownFileType = folder.assetcatalog; path = Images.xcassets; sourceTree = "<group>"; };
		66839D631AA92265008C4A78 /* QuizTests.xctest */ = {isa = PBXFileReference; explicitFileType = wrapper.cfbundle; includeInIndex = 0; path = QuizTests.xctest; sourceTree = BUILT_PRODUCTS_DIR; };
		66839D641AA92265008C4A78 /* XCTest.framework */ = {isa = PBXFileReference; lastKnownFileType = wrapper.framework; name = XCTest.framework; path = Library/Frameworks/XCTest.framework; sourceTree = DEVELOPER_DIR; };
		66839D6C1AA92265008C4A78 /* QuizTests-Info.plist */ = {isa = PBXFileReference; lastKnownFileType = text.plist.xml; path = "QuizTests-Info.plist"; sourceTree = "<group>"; };
		66839D6E1AA92265008C4A78 /* en */ = {isa = PBXFileReference; lastKnownFileType = text.plist.strings; name = en; path = en.lproj/InfoPlist.strings; sourceTree = "<group>"; };
		66839D701AA92265008C4A78 /* QuizTests.m */ = {isa = PBXFileReference; lastKnownFileType = sourcecode.c.objc; path = QuizTests.m; sourceTree = "<group>"; };
		66839D7A1AA922B8008C4A78 /* BNRQuizViewController.h */ = {isa = PBXFileReference; fileEncoding = 4; lastKnownFileType = sourcecode.c.h; name = BNRQuizViewController.h; path = ../BNRQuizViewController.h; sourceTree = "<group>"; };
		66839D7B1AA922B8008C4A78 /* BNRQuizViewController.m */ = {isa = PBXFileReference; fileEncoding = 4; lastKnownFileType = sourcecode.c.objc; name = BNRQuizViewController.m; path = ../BNRQuizViewController.m; sourceTree = "<group>"; };
		66839D7C1AA922B8008C4A78 /* BNRQuizViewController.xib */ = {isa = PBXFileReference; fileEncoding = 4; lastKnownFileType = file.xib; name = BNRQuizViewController.xib; path = ../BNRQuizViewController.xib; sourceTree = "<group>"; };
/* End PBXFileReference section */

/* Begin PBXFrameworksBuildPhase section */
		66839D451AA92265008C4A78 /* Frameworks */ = {
			isa = PBXFrameworksBuildPhase;
			buildActionMask = 2147483647;
			files = (
				66839D4E1AA92265008C4A78 /* CoreGraphics.framework in Frameworks */,
				66839D501AA92265008C4A78 /* UIKit.framework in Frameworks */,
				66839D4C1AA92265008C4A78 /* Foundation.framework in Frameworks */,
			);
			runOnlyForDeploymentPostprocessing = 0;
		};
		66839D601AA92265008C4A78 /* Frameworks */ = {
			isa = PBXFrameworksBuildPhase;
			buildActionMask = 2147483647;
			files = (
				66839D651AA92265008C4A78 /* XCTest.framework in Frameworks */,
				66839D671AA92265008C4A78 /* UIKit.framework in Frameworks */,
				66839D661AA92265008C4A78 /* Foundation.framework in Frameworks */,
			);
			runOnlyForDeploymentPostprocessing = 0;
		};
/* End PBXFrameworksBuildPhase section */

/* Begin PBXGroup section */
		66839D3F1AA92265008C4A78 = {
			isa = PBXGroup;
			children = (
				66839D511AA92265008C4A78 /* Quiz */,
				66839D6A1AA92265008C4A78 /* QuizTests */,
				66839D4A1AA92265008C4A78 /* Frameworks */,
				66839D491AA92265008C4A78 /* Products */,
			);
			sourceTree = "<group>";
		};
		66839D491AA92265008C4A78 /* Products */ = {
			isa = PBXGroup;
			children = (
				66839D481AA92265008C4A78 /* Quiz.app */,
				66839D631AA92265008C4A78 /* QuizTests.xctest */,
			);
			name = Products;
			sourceTree = "<group>";
		};
		66839D4A1AA92265008C4A78 /* Frameworks */ = {
			isa = PBXGroup;
			children = (
				66839D4B1AA92265008C4A78 /* Foundation.framework */,
				66839D4D1AA92265008C4A78 /* CoreGraphics.framework */,
				66839D4F1AA92265008C4A78 /* UIKit.framework */,
				66839D641AA92265008C4A78 /* XCTest.framework */,
			);
			name = Frameworks;
			sourceTree = "<group>";
		};
		66839D511AA92265008C4A78 /* Quiz */ = {
			isa = PBXGroup;
			children = (
				66839D7A1AA922B8008C4A78 /* BNRQuizViewController.h */,
				66839D7B1AA922B8008C4A78 /* BNRQuizViewController.m */,
				66839D7C1AA922B8008C4A78 /* BNRQuizViewController.xib */,
				66839D5A1AA92265008C4A78 /* BNRAppDelegate.h */,
				66839D5B1AA92265008C4A78 /* BNRAppDelegate.m */,
				66839D5D1AA92265008C4A78 /* Images.xcassets */,
				66839D521AA92265008C4A78 /* Supporting Files */,
			);
			path = Quiz;
			sourceTree = "<group>";
		};
		66839D521AA92265008C4A78 /* Supporting Files */ = {
			isa = PBXGroup;
			children = (
				66839D531AA92265008C4A78 /* Quiz-Info.plist */,
				66839D541AA92265008C4A78 /* InfoPlist.strings */,
				66839D571AA92265008C4A78 /* main.m */,
				66839D591AA92265008C4A78 /* Quiz-Prefix.pch */,
			);
			name = "Supporting Files";
			sourceTree = "<group>";
		};
		66839D6A1AA92265008C4A78 /* QuizTests */ = {
			isa = PBXGroup;
			children = (
				66839D701AA92265008C4A78 /* QuizTests.m */,
				66839D6B1AA92265008C4A78 /* Supporting Files */,
			);
			path = QuizTests;
			sourceTree = "<group>";
		};
		66839D6B1AA92265008C4A78 /* Supporting Files */ = {
			isa = PBXGroup;
			children = (
				66839D6C1AA92265008C4A78 /* QuizTests-Info.plist */,
				66839D6D1AA92265008C4A78 /* InfoPlist.strings */,
			);
			name = "Supporting Files";
			sourceTree = "<group>";
		};
/* End PBXGroup section */

/* Begin PBXNativeTarget section */
		66839D471AA92265008C4A78 /* Quiz */ = {
			isa = PBXNativeTarget;
			buildConfigurationList = 66839D741AA92265008C4A78 /* Build configuration list for PBXNativeTarget "Quiz" */;
			buildPhases = (
				66839D441AA92265008C4A78 /* Sources */,
				66839D451AA92265008C4A78 /* Frameworks */,
				66839D461AA92265008C4A78 /* Resources */,
			);
			buildRules = (
			);
			dependencies = (
			);
			name = Quiz;
			productName = Quiz;
			productReference = 66839D481AA92265008C4A78 /* Quiz.app */;
			productType = "com.apple.product-type.application";
		};
		66839D621AA92265008C4A78 /* QuizTests */ = {
			isa = PBXNativeTarget;
			buildConfigurationList = 66839D771AA92265008C4A78 /* Build configuration list for PBXNativeTarget "QuizTests" */;
			buildPhases = (
				66839D5F1AA92265008C4A78 /* Sources */,
				66839D601AA92265008C4A78 /* Frameworks */,
				66839D611AA92265008C4A78 /* Resources */,
			);
			buildRules = (
			);
			dependencies = (
				66839D691AA92265008C4A78 /* PBXTargetDependency */,
			);
			name = QuizTests;
			productName = QuizTests;
			productReference = 66839D631AA92265008C4A78 /* QuizTests.xctest */;
			productType = "com.apple.product-type.bundle.unit-test";
		};
/* End PBXNativeTarget section */

/* Begin PBXProject section */
		66839D401AA92265008C4A78 /* Project object */ = {
			isa = PBXProject;
			attributes = {
				CLASSPREFIX = BNR;
				LastUpgradeCheck = 0500;
				ORGANIZATIONNAME = "Big Nerd Ranch";
				TargetAttributes = {
					66839D621AA92265008C4A78 = {
						TestTargetID = 66839D471AA92265008C4A78;
					};
				};
			};
			buildConfigurationList = 66839D431AA92265008C4A78 /* Build configuration list for PBXProject "Quiz" */;
			compatibilityVersion = "Xcode 3.2";
			developmentRegion = English;
			hasScannedForEncodings = 0;
			knownRegions = (
				en,
			);
			mainGroup = 66839D3F1AA92265008C4A78;
			productRefGroup = 66839D491AA92265008C4A78 /* Products */;
			projectDirPath = "";
			projectRoot = "";
			targets = (
				66839D471AA92265008C4A78 /* Quiz */,
				66839D621AA92265008C4A78 /* QuizTests */,
			);
		};
/* End PBXProject section */

/* Begin PBXResourcesBuildPhase section */
		66839D461AA92265008C4A78 /* Resources */ = {
			isa = PBXResourcesBuildPhase;
			buildActionMask = 2147483647;
			files = (
				66839D561AA92265008C4A78 /* InfoPlist.strings in Resources */,
				66839D7E1AA922B8008C4A78 /* BNRQuizViewController.xib in Resources */,
				66839D5E1AA92265008C4A78 /* Images.xcassets in Resources */,
			);
			runOnlyForDeploymentPostprocessing = 0;
		};
		66839D611AA92265008C4A78 /* Resources */ = {
			isa = PBXResourcesBuildPhase;
			buildActionMask = 2147483647;
			files = (
				66839D6F1AA92265008C4A78 /* InfoPlist.strings in Resources */,
			);
			runOnlyForDeploymentPostprocessing = 0;
		};
/* End PBXResourcesBuildPhase section */

/* Begin PBXSourcesBuildPhase section */
		66839D441AA92265008C4A78 /* Sources */ = {
			isa = PBXSourcesBuildPhase;
			buildActionMask = 2147483647;
			files = (
				66839D581AA92265008C4A78 /* main.m in Sources */,
				66839D5C1AA92265008C4A78 /* BNRAppDelegate.m in Sources */,
				66839D7D1AA922B8008C4A78 /* BNRQuizViewController.m in Sources */,
			);
			runOnlyForDeploymentPostprocessing = 0;
		};
		66839D5F1AA92265008C4A78 /* Sources */ = {
			isa = PBXSourcesBuildPhase;
			buildActionMask = 2147483647;
			files = (
				66839D711AA92265008C4A78 /* QuizTests.m in Sources */,
			);
			runOnlyForDeploymentPostprocessing = 0;
		};
/* End PBXSourcesBuildPhase section */

/* Begin PBXTargetDependency section */
		66839D691AA92265008C4A78 /* PBXTargetDependency */ = {
			isa = PBXTargetDependency;
			target = 66839D471AA92265008C4A78 /* Quiz */;
			targetProxy = 66839D681AA92265008C4A78 /* PBXContainerItemProxy */;
		};
/* End PBXTargetDependency section */

/* Begin PBXVariantGroup section */
		66839D541AA92265008C4A78 /* InfoPlist.strings */ = {
			isa = PBXVariantGroup;
			children = (
				66839D551AA92265008C4A78 /* en */,
			);
			name = InfoPlist.strings;
			sourceTree = "<group>";
		};
		66839D6D1AA92265008C4A78 /* InfoPlist.strings */ = {
			isa = PBXVariantGroup;
			children = (
				66839D6E1AA92265008C4A78 /* en */,
			);
			name = InfoPlist.strings;
			sourceTree = "<group>";
		};
/* End PBXVariantGroup section */

/* Begin XCBuildConfiguration section */
		66839D721AA92265008C4A78 /* Debug */ = {
			isa = XCBuildConfiguration;
			buildSettings = {
				ALWAYS_SEARCH_USER_PATHS = NO;
				ARCHS = "$(ARCHS_STANDARD_INCLUDING_64_BIT)";
				CLANG_CXX_LANGUAGE_STANDARD = "gnu++0x";
				CLANG_CXX_LIBRARY = "libc++";
				CLANG_ENABLE_MODULES = YES;
				CLANG_ENABLE_OBJC_ARC = YES;
				CLANG_WARN_BOOL_CONVERSION = YES;
				CLANG_WARN_CONSTANT_CONVERSION = YES;
				CLANG_WARN_DIRECT_OBJC_ISA_USAGE = YES_ERROR;
				CLANG_WARN_EMPTY_BODY = YES;
				CLANG_WARN_ENUM_CONVERSION = YES;
				CLANG_WARN_INT_CONVERSION = YES;
				CLANG_WARN_OBJC_ROOT_CLASS = YES_ERROR;
				CLANG_WARN__DUPLICATE_METHOD_MATCH = YES;
				"CODE_SIGN_IDENTITY[sdk=iphoneos*]" = "iPhone Developer";
				COPY_PHASE_STRIP = NO;
				GCC_C_LANGUAGE_STANDARD = gnu99;
				GCC_DYNAMIC_NO_PIC = NO;
				GCC_OPTIMIZATION_LEVEL = 0;
				GCC_PREPROCESSOR_DEFINITIONS = (
					"DEBUG=1",
					"$(inherited)",
				);
				GCC_SYMBOLS_PRIVATE_EXTERN = NO;
				GCC_WARN_64_TO_32_BIT_CONVERSION = YES;
				GCC_WARN_ABOUT_RETURN_TYPE = YES_ERROR;
				GCC_WARN_UNDECLARED_SELECTOR = YES;
				GCC_WARN_UNINITIALIZED_AUTOS = YES;
				GCC_WARN_UNUSED_FUNCTION = YES;
				GCC_WARN_UNUSED_VARIABLE = YES;
				IPHONEOS_DEPLOYMENT_TARGET = 7.0;
				ONLY_ACTIVE_ARCH = YES;
				SDKROOT = iphoneos;
			};
			name = Debug;
		};
		66839D731AA92265008C4A78 /* Release */ = {
			isa = XCBuildConfiguration;
			buildSettings = {
				ALWAYS_SEARCH_USER_PATHS = NO;
				ARCHS = "$(ARCHS_STANDARD_INCLUDING_64_BIT)";
				CLANG_CXX_LANGUAGE_STANDARD = "gnu++0x";
				CLANG_CXX_LIBRARY = "libc++";
				CLANG_ENABLE_MODULES = YES;
				CLANG_ENABLE_OBJC_ARC = YES;
				CLANG_WARN_BOOL_CONVERSION = YES;
				CLANG_WARN_CONSTANT_CONVERSION = YES;
				CLANG_WARN_DIRECT_OBJC_ISA_USAGE = YES_ERROR;
				CLANG_WARN_EMPTY_BODY = YES;
				CLANG_WARN_ENUM_CONVERSION = YES;
				CLANG_WARN_INT_CONVERSION = YES;
				CLANG_WARN_OBJC_ROOT_CLASS = YES_ERROR;
				CLANG_WARN__DUPLICATE_METHOD_MATCH = YES;
				"CODE_SIGN_IDENTITY[sdk=iphoneos*]" = "iPhone Developer";
				COPY_PHASE_STRIP = YES;
				ENABLE_NS_ASSERTIONS = NO;
				GCC_C_LANGUAGE_STANDARD = gnu99;
				GCC_WARN_64_TO_32_BIT_CONVERSION = YES;
				GCC_WARN_ABOUT_RETURN_TYPE = YES_ERROR;
				GCC_WARN_UNDECLARED_SELECTOR = YES;
				GCC_WARN_UNINITIALIZED_AUTOS = YES;
				GCC_WARN_UNUSED_FUNCTION = YES;
				GCC_WARN_UNUSED_VARIABLE = YES;
				IPHONEOS_DEPLOYMENT_TARGET = 7.0;
				SDKROOT = iphoneos;
				VALIDATE_PRODUCT = YES;
			};
			name = Release;
		};
		66839D751AA92265008C4A78 /* Debug */ = {
			isa = XCBuildConfiguration;
			buildSettings = {
				ASSETCATALOG_COMPILER_APPICON_NAME = AppIcon;
				ASSETCATALOG_COMPILER_LAUNCHIMAGE_NAME = LaunchImage;
				GCC_PRECOMPILE_PREFIX_HEADER = YES;
				GCC_PREFIX_HEADER = "Quiz/Quiz-Prefix.pch";
				INFOPLIST_FILE = "Quiz/Quiz-Info.plist";
				IPHONEOS_DEPLOYMENT_TARGET = 7.0;
				PRODUCT_NAME = "$(TARGET_NAME)";
				TARGETED_DEVICE_FAMILY = "1,2";
				WRAPPER_EXTENSION = app;
			};
			name = Debug;
		};
		66839D761AA92265008C4A78 /* Release */ = {
			isa = XCBuildConfiguration;
			buildSettings = {
				ASSETCATALOG_COMPILER_APPICON_NAME = AppIcon;
				ASSETCATALOG_COMPILER_LAUNCHIMAGE_NAME = LaunchImage;
				GCC_PRECOMPILE_PREFIX_HEADER = YES;
				GCC_PREFIX_HEADER = "Quiz/Quiz-Prefix.pch";
				INFOPLIST_FILE = "Quiz/Quiz-Info.plist";
				IPHONEOS_DEPLOYMENT_TARGET = 7.0;
				PRODUCT_NAME = "$(TARGET_NAME)";
				TARGETED_DEVICE_FAMILY = "1,2";
				WRAPPER_EXTENSION = app;
			};
			name = Release;
		};
		66839D781AA92265008C4A78 /* Debug */ = {
			isa = XCBuildConfiguration;
			buildSettings = {
				ARCHS = "$(ARCHS_STANDARD_INCLUDING_64_BIT)";
				BUNDLE_LOADER = "$(BUILT_PRODUCTS_DIR)/Quiz.app/Quiz";
				FRAMEWORK_SEARCH_PATHS = (
					"$(SDKROOT)/Developer/Library/Frameworks",
					"$(inherited)",
					"$(DEVELOPER_FRAMEWORKS_DIR)",
				);
				GCC_PRECOMPILE_PREFIX_HEADER = YES;
				GCC_PREFIX_HEADER = "Quiz/Quiz-Prefix.pch";
				GCC_PREPROCESSOR_DEFINITIONS = (
					"DEBUG=1",
					"$(inherited)",
				);
				INFOPLIST_FILE = "QuizTests/QuizTests-Info.plist";
				PRODUCT_NAME = "$(TARGET_NAME)";
				TEST_HOST = "$(BUNDLE_LOADER)";
				WRAPPER_EXTENSION = xctest;
			};
			name = Debug;
		};
		66839D791AA92265008C4A78 /* Release */ = {
			isa = XCBuildConfiguration;
			buildSettings = {
				ARCHS = "$(ARCHS_STANDARD_INCLUDING_64_BIT)";
				BUNDLE_LOADER = "$(BUILT_PRODUCTS_DIR)/Quiz.app/Quiz";
				FRAMEWORK_SEARCH_PATHS = (
					"$(SDKROOT)/Developer/Library/Frameworks",
					"$(inherited)",
					"$(DEVELOPER_FRAMEWORKS_DIR)",
				);
				GCC_PRECOMPILE_PREFIX_HEADER = YES;
				GCC_PREFIX_HEADER = "Quiz/Quiz-Prefix.pch";
				INFOPLIST_FILE = "QuizTests/QuizTests-Info.plist";
				PRODUCT_NAME = "$(TARGET_NAME)";
				TEST_HOST = "$(BUNDLE_LOADER)";
				WRAPPER_EXTENSION = xctest;
			};
			name = Release;
		};
/* End XCBuildConfiguration section */

/* Begin XCConfigurationList section */
		66839D431AA92265008C4A78 /* Build configuration list for PBXProject "Quiz" */ = {
			isa = XCConfigurationList;
			buildConfigurations = (
				66839D721AA92265008C4A78 /* Debug */,
				66839D731AA92265008C4A78 /* Release */,
			);
			defaultConfigurationIsVisible = 0;
			defaultConfigurationName = Release;
		};
		66839D741AA92265008C4A78 /* Build configuration list for PBXNativeTarget "Quiz" */ = {
			isa = XCConfigurationList;
			buildConfigurations = (
				66839D751AA92265008C4A78 /* Debug */,
				66839D761AA92265008C4A78 /* Release */,
			);
			defaultConfigurationIsVisible = 0;
			defaultConfigurationName = Release;
		};
		66839D771AA92265008C4A78 /* Build configuration list for PBXNativeTarget "QuizTests" */ = {
			isa = XCConfigurationList;
			buildConfigurations = (
				66839D781AA92265008C4A78 /* Debug */,
				66839D791AA92265008C4A78 /* Release */,
			);
			defaultConfigurationIsVisible = 0;
			defaultConfigurationName = Release;
		};
/* End XCConfigurationList section */
	};
	rootObject = 66839D401AA92265008C4A78 /* Project object */;
}
